{
    "api-platform/core": {
        "version": "3.4",
        "recipe": {
            "repo": "github.com/symfony/recipes",
            "branch": "main",
            "version": "3.3",
            "ref": "74b45ac570c57eb1fbe56c984091a9ff87e18bab"
        },
        "files": [
            "config/packages/api_platform.yaml",
            "config/routes/api_platform.yaml",
            "src/ApiResource/.gitignore"
        ]
    },
    "doctrine/annotations": {
        "version": "2.0",
        "recipe": {
            "repo": "github.com/symfony/recipes",
            "branch": "main",
            "version": "1.10",
            "ref": "64d8583af5ea57b7afa4aba4b159907f3a148b05"
        }
    },
    "lexik/jwt-authentication-bundle": {
        "version": "2.21",
        "recipe": {
            "repo": "github.com/symfony/recipes",
            "branch": "main",
            "version": "2.5",
            "ref": "e9481b233a11ef7e15fe055a2b21fd3ac1aa2bb7"
        },
        "files": [
            "config/packages/lexik_jwt_authentication.yaml"
        ]
    },
    "nelmio/cors-bundle": {
        "version": "2.5",
        "recipe": {
            "repo": "github.com/symfony/recipes",
            "branch": "main",
            "version": "1.5",
            "ref": "6bea22e6c564fba3a1391615cada1437d0bde39c"
        },
        "files": [
            "config/packages/nelmio_cors.yaml"
        ]
    },
    "symfony/console": {
        "version": "6.4",
        "recipe": {
            "repo": "github.com/symfony/recipes",
            "branch": "main",
            "version": "5.3",
            "ref": "1781ff40d8a17d87cf53f8d4cf0c8346ed2bb461"
        },
        "files": [
            "bin/console"
        ]
    },
    "symfony/flex": {
        "version": "2.4",
        "recipe": {
            "repo": "github.com/symfony/recipes",
            "branch": "main",
            "version": "1.0",
            "ref": "146251ae39e06a95be0fe3d13c807bcf3938b172"
        },
        "files": [
            ".env"
        ]
    },
    "symfony/framework-bundle": {
        "version": "6.4",
        "recipe": {
            "repo": "github.com/symfony/recipes",
            "branch": "main",
            "version": "6.4",
            "ref": "32126346f25e1cee607cc4aa6783d46034920554"
        },
        "files": [
            "config/packages/cache.yaml",
            "config/packages/framework.yaml",
            "config/preload.php",
            "config/routes/framework.yaml",
            "config/services.yaml",
            "public/index.php",
            "src/Controller/.gitignore",
            "src/Kernel.php"
        ]
    },
    "symfony/lock": {
        "version": "6.4",
        "recipe": {
            "repo": "github.com/symfony/recipes",
            "branch": "main",
            "version": "5.2",
            "ref": "8e937ff2b4735d110af1770f242c1107fdab4c8e"
        },
        "files": [
            "config/packages/lock.yaml"
        ]
    },
    "symfony/mailer": {
        "version": "6.4",
        "recipe": {
            "repo": "github.com/symfony/recipes",
            "branch": "main",
            "version": "4.3",
            "ref": "df66ee1f226c46f01e85c29c2f7acce0596ba35a"
        },
        "files": [
            "config/packages/mailer.yaml"
        ]
    },
    "symfony/routing": {
        "version": "6.4",
        "recipe": {
            "repo": "github.com/symfony/recipes",
            "branch": "main",
            "version": "6.2",
            "ref": "e0a11b4ccb8c9e70b574ff5ad3dfdcd41dec5aa6"
        },
        "files": [
            "config/packages/routing.yaml",
            "config/routes.yaml"
        ]
    },
    "symfony/security-bundle": {
        "version": "6.4",
        "recipe": {
            "repo": "github.com/symfony/recipes",
            "branch": "main",
            "version": "6.4",
            "ref": "2ae08430db28c8eb4476605894296c82a642028f"
        },
        "files": [
            "config/packages/security.yaml",
            "config/routes/security.yaml"
        ]
    },
    "symfony/stimulus-bundle": {
        "version": "2.21",
        "recipe": {
            "repo": "github.com/YannLe/thelia-test-recipes",
            "branch": "main",
            "version": "2.9",
            "ref": "86bbb150af0c1e751da4821a9c32a8bd854af645"
        }
    },
    "symfony/translation": {
        "version": "6.4",
        "recipe": {
            "repo": "github.com/symfony/recipes",
            "branch": "main",
            "version": "6.3",
            "ref": "e28e27f53663cc34f0be2837aba18e3a1bef8e7b"
        },
        "files": [
            "config/packages/translation.yaml",
            "translations/.gitignore"
        ]
    },
    "symfony/twig-bundle": {
        "version": "6.4",
        "recipe": {
            "repo": "github.com/YannLe/thelia-test-recipes",
            "branch": "main",
            "version": "6.4",
            "ref": "817a15839082fe73ed69c157263b9a91a7e25ec4"
        },
        "files": [
            "config/packages/twig.yaml"
        ]
    },
    "symfony/ux-icons": {
        "version": "2.21",
        "recipe": {
            "repo": "github.com/YannLe/thelia-test-recipes",
            "branch": "main",
            "version": "2.17",
            "ref": "001e68a7e62468a30c32792ec8d4dabbc596917c"
        }
    },
    "symfony/ux-live-component": {
        "version": "2.21",
        "recipe": {
            "repo": "github.com/YannLe/thelia-test-recipes",
            "branch": "main",
            "version": "2.6",
            "ref": "f4785f1e9793ecaa94e49f00032049fff912e8b5"
        },
        "files": [
            "config/routes/ux_live_component.yaml"
        ]
    },
    "symfony/ux-react": {
        "version": "2.21",
        "recipe": {
            "repo": "github.com/YannLe/thelia-test-recipes",
            "branch": "main",
            "version": "2.9",
            "ref": "f4953b901de3e29f3009de3c42f0c89c996c1f95"
        },
        "files": []
    },
    "symfony/ux-translator": {
        "version": "2.21",
        "recipe": {
            "repo": "github.com/YannLe/thelia-test-recipes",
            "branch": "main",
            "version": "2.9",
            "ref": "f43eff39fcf13a929462389baf92ff80dd79df32"
        },
        "files": []
    },
    "symfony/ux-twig-component": {
        "version": "2.21",
        "recipe": {
            "repo": "github.com/YannLe/thelia-test-recipes",
            "branch": "main",
            "version": "2.13",
            "ref": "1aad8e2b0bd999c473c0fdc4bc606aaf6bf81f40"
        },
        "files": [
            "config/packages/twig_component.yaml"
        ]
    },
    "symfony/validator": {
        "version": "6.4",
        "recipe": {
            "repo": "github.com/symfony/recipes",
            "branch": "main",
            "version": "5.3",
            "ref": "c32cfd98f714894c4f128bb99aa2530c1227603c"
        },
        "files": [
            "config/packages/validator.yaml"
        ]
    },
    "symfony/web-profiler-bundle": {
        "version": "6.4",
        "recipe": {
            "repo": "github.com/symfony/recipes",
            "branch": "main",
            "version": "6.1",
            "ref": "e42b3f0177df239add25373083a564e5ead4e13a"
        },
        "files": [
            "config/packages/web_profiler.yaml",
            "config/routes/web_profiler.yaml"
        ]
    },
    "symfony/webpack-encore-bundle": {
        "version": "2.2",
        "recipe": {
            "repo": "github.com/YannLe/thelia-test-recipes",
            "branch": "main",
            "version": "2.1",
            "ref": "4575eca49887bdbf2753a28b3599e1a48860b456"
        },
        "files": [
            "config/packages/webpack_encore.yaml"
        ]
    },
    "thelia/flexy": {
        "version": "dev-flexy"
    }
}
